github.com/netspective-studios/hugo-shortcode-diagram v0.0.2 h1:eWmGX8s8jBDTmiDuWDSLcos1W26ErRGml0f7z/orRAs=
github.com/netspective-studios/hugo-shortcode-diagram v0.0.2/go.mod h1:4Xq++J6wNUzkTqs+ux0sgaYnNvzVM3MGDj3a8GREQ0c=
github.com/thapabishwa/hugo-profile v0.0.0-20250611014021-1181385f79f5 h1:qnTJn6VK9b8yQ/69znq3MwVE65NKikii3zjXLL2Tko0=
github.com/thapabishwa/hugo-profile v0.0.0-20250611014021-1181385f79f5/go.mod h1:c2j1kKZ6ypsgNT3fqvx+tgJ7tlhcmTif2EFQ+GSFBoI=
