github.com/netspective-studios/hugo-shortcode-diagram v0.0.2 h1:eWmGX8s8jBDTmiDuWDSLcos1W26ErRGml0f7z/orRAs=
github.com/netspective-studios/hugo-shortcode-diagram v0.0.2/go.mod h1:4Xq++J6wNUzkTqs+ux0sgaYnNvzVM3MGDj3a8GREQ0c=
github.com/thapabishwa/hugo-profile v0.0.0-20220910190824-3b74ca078f58 h1:wOO5NTloBlEAlssc6yh+ObmqK5oIBqOXklZFzx1LiHk=
github.com/thapabishwa/hugo-profile v0.0.0-20220910190824-3b74ca078f58/go.mod h1:c2j1kKZ6ypsgNT3fqvx+tgJ7tlhcmTif2EFQ+GSFBoI=
